"This file is @generated automatically"
],
"content-hash": "355ea29f8d4810ad6fe86f2a38a064f8",
"packages": [
{
"name": "composer/package-versions-deprecated",
@@ -9090,16 +9090,16 @@
},
{
"name": "phpunit/php-file-iterator",
"version": "4.0.0",
"source": {
"type": "git",
"url": "https://github.com/sebastianbergmann/php-file-iterator.git",
"reference": "7d66d4e816d34e90acec9db9d8d94b5cfbfe926f"
},
"dist": {
"type": "zip",
"url": "https://api.github.com/repos/sebastianbergmann/php-file-iterator/zipball/7d66d4e816d34e90acec9db9d8d94b5cfbfe926f",
"reference": "7d66d4e816d34e90acec9db9d8d94b5cfbfe926f",
"shasum": ""
},
"require": {
@@ -9138,15 +9138,15 @@
],
"support": {
"issues": "https://github.com/sebastianbergmann/php-file-iterator/issues",
"source": "https://github.com/sebastianbergmann/php-file-iterator/tree/4.0.0"
},
"funding": [
{
"url": "https://github.com/sebastianbergmann",
"type": "github"
}
],
"time": "2023-02-03T06:55:11+00:00"
},
{
"name": "phpunit/php-invoker",
@@ -11016,5 +11016,5 @@
"platform-overrides": {
"php": "8.1.15"
},
"plugin-api-version": "2.3.0"
}
